// !$*UTF8*$!
{
	archiveVersion = 1;
	classes = {
	};
	objectVersion = 46;
	objects = {

/* Begin PBXBuildFile section */
		6D59D1F0199D91F50057093D /* BookInfoViewController.m in Sources */ = {isa = PBXBuildFile; fileRef = 6D59D1EF199D91F50057093D /* BookInfoViewController.m */; };
		6D59D1F1199D91F50057093D /* BookInfoViewController.m in Sources */ = {isa = PBXBuildFile; fileRef = 6D59D1EF199D91F50057093D /* BookInfoViewController.m */; };
		6DA9C769199C75B400EB2608 /* Foundation.framework in Frameworks */ = {isa = PBXBuildFile; fileRef = 6DA9C768199C75B400EB2608 /* Foundation.framework */; };
		6DA9C76B199C75B400EB2608 /* CoreGraphics.framework in Frameworks */ = {isa = PBXBuildFile; fileRef = 6DA9C76A199C75B400EB2608 /* CoreGraphics.framework */; };
		6DA9C76D199C75B400EB2608 /* UIKit.framework in Frameworks */ = {isa = PBXBuildFile; fileRef = 6DA9C76C199C75B400EB2608 /* UIKit.framework */; };
		6DA9C773199C75B400EB2608 /* InfoPlist.strings in Resources */ = {isa = PBXBuildFile; fileRef = 6DA9C771199C75B400EB2608 /* InfoPlist.strings */; };
		6DA9C775199C75B400EB2608 /* main.m in Sources */ = {isa = PBXBuildFile; fileRef = 6DA9C774199C75B400EB2608 /* main.m */; };
		6DA9C779199C75B400EB2608 /* AppDelegate.m in Sources */ = {isa = PBXBuildFile; fileRef = 6DA9C778199C75B400EB2608 /* AppDelegate.m */; };
		6DA9C77C199C75B400EB2608 /* Main_iPhone.storyboard in Resources */ = {isa = PBXBuildFile; fileRef = 6DA9C77A199C75B400EB2608 /* Main_iPhone.storyboard */; };
		6DA9C77F199C75B400EB2608 /* Main_iPad.storyboard in Resources */ = {isa = PBXBuildFile; fileRef = 6DA9C77D199C75B400EB2608 /* Main_iPad.storyboard */; };
		6DA9C782199C75B400EB2608 /* ViewController.m in Sources */ = {isa = PBXBuildFile; fileRef = 6DA9C781199C75B400EB2608 /* ViewController.m */; };
		6DA9C784199C75B400EB2608 /* Images.xcassets in Resources */ = {isa = PBXBuildFile; fileRef = 6DA9C783199C75B400EB2608 /* Images.xcassets */; };
		6DA9C78B199C75B400EB2608 /* XCTest.framework in Frameworks */ = {isa = PBXBuildFile; fileRef = 6DA9C78A199C75B400EB2608 /* XCTest.framework */; };
		6DA9C78C199C75B400EB2608 /* Foundation.framework in Frameworks */ = {isa = PBXBuildFile; fileRef = 6DA9C768199C75B400EB2608 /* Foundation.framework */; };
		6DA9C78D199C75B400EB2608 /* UIKit.framework in Frameworks */ = {isa = PBXBuildFile; fileRef = 6DA9C76C199C75B400EB2608 /* UIKit.framework */; };
		6DA9C795199C75B400EB2608 /* InfoPlist.strings in Resources */ = {isa = PBXBuildFile; fileRef = 6DA9C793199C75B400EB2608 /* InfoPlist.strings */; };
		6DA9C797199C75B400EB2608 /* FirstAppTests.m in Sources */ = {isa = PBXBuildFile; fileRef = 6DA9C796199C75B400EB2608 /* FirstAppTests.m */; };
		6DA9C7A2199C78FC00EB2608 /* PhenomenalBook.m in Sources */ = {isa = PBXBuildFile; fileRef = 6DA9C7A1199C78FC00EB2608 /* PhenomenalBook.m */; };
		6DA9C7A3199C78FC00EB2608 /* PhenomenalBook.m in Sources */ = {isa = PBXBuildFile; fileRef = 6DA9C7A1199C78FC00EB2608 /* PhenomenalBook.m */; };
		6DB2D21C19A4CBBE00E7EEAA /* firstbook.jpeg in Resources */ = {isa = PBXBuildFile; fileRef = 6DB2D21B19A4CBBE00E7EEAA /* firstbook.jpeg */; };
		6DB2D21D19A4CBBE00E7EEAA /* firstbook.jpeg in Resources */ = {isa = PBXBuildFile; fileRef = 6DB2D21B19A4CBBE00E7EEAA /* firstbook.jpeg */; };
		6DB2D21F19A4CBCF00E7EEAA /* secondbook.jpeg in Resources */ = {isa = PBXBuildFile; fileRef = 6DB2D21E19A4CBCF00E7EEAA /* secondbook.jpeg */; };
		6DB2D22019A4CBCF00E7EEAA /* secondbook.jpeg in Resources */ = {isa = PBXBuildFile; fileRef = 6DB2D21E19A4CBCF00E7EEAA /* secondbook.jpeg */; };
		6DB2D22319A5DA2C00E7EEAA /* NewBookViewController.m in Sources */ = {isa = PBXBuildFile; fileRef = 6DB2D22219A5DA2C00E7EEAA /* NewBookViewController.m */; };
		6DB2D22419A5DA2C00E7EEAA /* NewBookViewController.m in Sources */ = {isa = PBXBuildFile; fileRef = 6DB2D22219A5DA2C00E7EEAA /* NewBookViewController.m */; };
/* End PBXBuildFile section */

/* Begin PBXContainerItemProxy section */
		6DA9C78E199C75B400EB2608 /* PBXContainerItemProxy */ = {
			isa = PBXContainerItemProxy;
			containerPortal = 6DA9C75D199C75B400EB2608 /* Project object */;
			proxyType = 1;
			remoteGlobalIDString = 6DA9C764199C75B400EB2608;
			remoteInfo = FirstApp;
		};
/* End PBXContainerItemProxy section */

/* Begin PBXFileReference section */
		6D59D1EE199D91F50057093D /* BookInfoViewController.h */ = {isa = PBXFileReference; fileEncoding = 4; lastKnownFileType = sourcecode.c.h; path = BookInfoViewController.h; sourceTree = "<group>"; };
		6D59D1EF199D91F50057093D /* BookInfoViewController.m */ = {isa = PBXFileReference; fileEncoding = 4; lastKnownFileType = sourcecode.c.objc; path = BookInfoViewController.m; sourceTree = "<group>"; };
		6DA9C765199C75B400EB2608 /* FirstApp.app */ = {isa = PBXFileReference; explicitFileType = wrapper.application; includeInIndex = 0; path = FirstApp.app; sourceTree = BUILT_PRODUCTS_DIR; };
		6DA9C768199C75B400EB2608 /* Foundation.framework */ = {isa = PBXFileReference; lastKnownFileType = wrapper.framework; name = Foundation.framework; path = System/Library/Frameworks/Foundation.framework; sourceTree = SDKROOT; };
		6DA9C76A199C75B400EB2608 /* CoreGraphics.framework */ = {isa = PBXFileReference; lastKnownFileType = wrapper.framework; name = CoreGraphics.framework; path = System/Library/Frameworks/CoreGraphics.framework; sourceTree = SDKROOT; };
		6DA9C76C199C75B400EB2608 /* UIKit.framework */ = {isa = PBXFileReference; lastKnownFileType = wrapper.framework; name = UIKit.framework; path = System/Library/Frameworks/UIKit.framework; sourceTree = SDKROOT; };
		6DA9C770199C75B400EB2608 /* FirstApp-Info.plist */ = {isa = PBXFileReference; lastKnownFileType = text.plist.xml; path = "FirstApp-Info.plist"; sourceTree = "<group>"; };
		6DA9C772199C75B400EB2608 /* en */ = {isa = PBXFileReference; lastKnownFileType = text.plist.strings; name = en; path = en.lproj/InfoPlist.strings; sourceTree = "<group>"; };
		6DA9C774199C75B400EB2608 /* main.m */ = {isa = PBXFileReference; lastKnownFileType = sourcecode.c.objc; path = main.m; sourceTree = "<group>"; };
		6DA9C776199C75B400EB2608 /* FirstApp-Prefix.pch */ = {isa = PBXFileReference; lastKnownFileType = sourcecode.c.h; path = "FirstApp-Prefix.pch"; sourceTree = "<group>"; };
		6DA9C777199C75B400EB2608 /* AppDelegate.h */ = {isa = PBXFileReference; lastKnownFileType = sourcecode.c.h; path = AppDelegate.h; sourceTree = "<group>"; };
		6DA9C778199C75B400EB2608 /* AppDelegate.m */ = {isa = PBXFileReference; lastKnownFileType = sourcecode.c.objc; path = AppDelegate.m; sourceTree = "<group>"; };
		6DA9C77B199C75B400EB2608 /* Base */ = {isa = PBXFileReference; lastKnownFileType = file.storyboard; name = Base; path = Base.lproj/Main_iPhone.storyboard; sourceTree = "<group>"; };
		6DA9C77E199C75B400EB2608 /* Base */ = {isa = PBXFileReference; lastKnownFileType = file.storyboard; name = Base; path = Base.lproj/Main_iPad.storyboard; sourceTree = "<group>"; };
		6DA9C780199C75B400EB2608 /* ViewController.h */ = {isa = PBXFileReference; lastKnownFileType = sourcecode.c.h; path = ViewController.h; sourceTree = "<group>"; };
		6DA9C781199C75B400EB2608 /* ViewController.m */ = {isa = PBXFileReference; lastKnownFileType = sourcecode.c.objc; path = ViewController.m; sourceTree = "<group>"; };
		6DA9C783199C75B400EB2608 /* Images.xcassets */ = {isa = PBXFileReference; lastKnownFileType = folder.assetcatalog; path = Images.xcassets; sourceTree = "<group>"; };
		6DA9C789199C75B400EB2608 /* FirstAppTests.xctest */ = {isa = PBXFileReference; explicitFileType = wrapper.cfbundle; includeInIndex = 0; path = FirstAppTests.xctest; sourceTree = BUILT_PRODUCTS_DIR; };
		6DA9C78A199C75B400EB2608 /* XCTest.framework */ = {isa = PBXFileReference; lastKnownFileType = wrapper.framework; name = XCTest.framework; path = Library/Frameworks/XCTest.framework; sourceTree = DEVELOPER_DIR; };
		6DA9C792199C75B400EB2608 /* FirstAppTests-Info.plist */ = {isa = PBXFileReference; lastKnownFileType = text.plist.xml; path = "FirstAppTests-Info.plist"; sourceTree = "<group>"; };
		6DA9C794199C75B400EB2608 /* en */ = {isa = PBXFileReference; lastKnownFileType = text.plist.strings; name = en; path = en.lproj/InfoPlist.strings; sourceTree = "<group>"; };
		6DA9C796199C75B400EB2608 /* FirstAppTests.m */ = {isa = PBXFileReference; lastKnownFileType = sourcecode.c.objc; path = FirstAppTests.m; sourceTree = "<group>"; };
		6DA9C7A0199C78FC00EB2608 /* PhenomenalBook.h */ = {isa = PBXFileReference; fileEncoding = 4; lastKnownFileType = sourcecode.c.h; path = PhenomenalBook.h; sourceTree = "<group>"; };
		6DA9C7A1199C78FC00EB2608 /* PhenomenalBook.m */ = {isa = PBXFileReference; fileEncoding = 4; lastKnownFileType = sourcecode.c.objc; path = PhenomenalBook.m; sourceTree = "<group>"; };
		6DB2D21B19A4CBBE00E7EEAA /* firstbook.jpeg */ = {isa = PBXFileReference; lastKnownFileType = image.jpeg; path = firstbook.jpeg; sourceTree = "<group>"; };
		6DB2D21E19A4CBCF00E7EEAA /* secondbook.jpeg */ = {isa = PBXFileReference; lastKnownFileType = image.jpeg; path = secondbook.jpeg; sourceTree = "<group>"; };
		6DB2D22119A5DA2C00E7EEAA /* NewBookViewController.h */ = {isa = PBXFileReference; fileEncoding = 4; lastKnownFileType = sourcecode.c.h; path = NewBookViewController.h; sourceTree = "<group>"; };
		6DB2D22219A5DA2C00E7EEAA /* NewBookViewController.m */ = {isa = PBXFileReference; fileEncoding = 4; lastKnownFileType = sourcecode.c.objc; path = NewBookViewController.m; sourceTree = "<group>"; };
/* End PBXFileReference section */

/* Begin PBXFrameworksBuildPhase section */
		6DA9C762199C75B400EB2608 /* Frameworks */ = {
			isa = PBXFrameworksBuildPhase;
			buildActionMask = 2147483647;
			files = (
				6DA9C76B199C75B400EB2608 /* CoreGraphics.framework in Frameworks */,
				6DA9C76D199C75B400EB2608 /* UIKit.framework in Frameworks */,
				6DA9C769199C75B400EB2608 /* Foundation.framework in Frameworks */,
			);
			runOnlyForDeploymentPostprocessing = 0;
		};
		6DA9C786199C75B400EB2608 /* Frameworks */ = {
			isa = PBXFrameworksBuildPhase;
			buildActionMask = 2147483647;
			files = (
				6DA9C78B199C75B400EB2608 /* XCTest.framework in Frameworks */,
				6DA9C78D199C75B400EB2608 /* UIKit.framework in Frameworks */,
				6DA9C78C199C75B400EB2608 /* Foundation.framework in Frameworks */,
			);
			runOnlyForDeploymentPostprocessing = 0;
		};
/* End PBXFrameworksBuildPhase section */

/* Begin PBXGroup section */
		6DA9C75C199C75B400EB2608 = {
			isa = PBXGroup;
			children = (
				6DA9C76E199C75B400EB2608 /* FirstApp */,
				6DA9C790199C75B400EB2608 /* FirstAppTests */,
				6DA9C767199C75B400EB2608 /* Frameworks */,
				6DA9C766199C75B400EB2608 /* Products */,
			);
			sourceTree = "<group>";
		};
		6DA9C766199C75B400EB2608 /* Products */ = {
			isa = PBXGroup;
			children = (
				6DA9C765199C75B400EB2608 /* FirstApp.app */,
				6DA9C789199C75B400EB2608 /* FirstAppTests.xctest */,
			);
			name = Products;
			sourceTree = "<group>";
		};
		6DA9C767199C75B400EB2608 /* Frameworks */ = {
			isa = PBXGroup;
			children = (
				6DA9C768199C75B400EB2608 /* Foundation.framework */,
				6DA9C76A199C75B400EB2608 /* CoreGraphics.framework */,
				6DA9C76C199C75B400EB2608 /* UIKit.framework */,
				6DA9C78A199C75B400EB2608 /* XCTest.framework */,
			);
			name = Frameworks;
			sourceTree = "<group>";
		};
		6DA9C76E199C75B400EB2608 /* FirstApp */ = {
			isa = PBXGroup;
			children = (
				6DA9C777199C75B400EB2608 /* AppDelegate.h */,
				6DA9C778199C75B400EB2608 /* AppDelegate.m */,
				6DA9C77A199C75B400EB2608 /* Main_iPhone.storyboard */,
				6DB2D22119A5DA2C00E7EEAA /* NewBookViewController.h */,
				6DB2D22219A5DA2C00E7EEAA /* NewBookViewController.m */,
				6D59D1EE199D91F50057093D /* BookInfoViewController.h */,
				6D59D1EF199D91F50057093D /* BookInfoViewController.m */,
				6DA9C77D199C75B400EB2608 /* Main_iPad.storyboard */,
				6DA9C780199C75B400EB2608 /* ViewController.h */,
				6DA9C781199C75B400EB2608 /* ViewController.m */,
				6DA9C7A0199C78FC00EB2608 /* PhenomenalBook.h */,
				6DA9C7A1199C78FC00EB2608 /* PhenomenalBook.m */,
				6DA9C783199C75B400EB2608 /* Images.xcassets */,
				6DB2D21B19A4CBBE00E7EEAA /* firstbook.jpeg */,
				6DB2D21E19A4CBCF00E7EEAA /* secondbook.jpeg */,
				6DA9C76F199C75B400EB2608 /* Supporting Files */,
			);
			path = FirstApp;
			sourceTree = "<group>";
		};
		6DA9C76F199C75B400EB2608 /* Supporting Files */ = {
			isa = PBXGroup;
			children = (
				6DA9C770199C75B400EB2608 /* FirstApp-Info.plist */,
				6DA9C771199C75B400EB2608 /* InfoPlist.strings */,
				6DA9C774199C75B400EB2608 /* main.m */,
				6DA9C776199C75B400EB2608 /* FirstApp-Prefix.pch */,
			);
			name = "Supporting Files";
			sourceTree = "<group>";
		};
		6DA9C790199C75B400EB2608 /* FirstAppTests */ = {
			isa = PBXGroup;
			children = (
				6DA9C796199C75B400EB2608 /* FirstAppTests.m */,
				6DA9C791199C75B400EB2608 /* Supporting Files */,
			);
			path = FirstAppTests;
			sourceTree = "<group>";
		};
		6DA9C791199C75B400EB2608 /* Supporting Files */ = {
			isa = PBXGroup;
			children = (
				6DA9C792199C75B400EB2608 /* FirstAppTests-Info.plist */,
				6DA9C793199C75B400EB2608 /* InfoPlist.strings */,
			);
			name = "Supporting Files";
			sourceTree = "<group>";
		};
/* End PBXGroup section */

/* Begin PBXNativeTarget section */
		6DA9C764199C75B400EB2608 /* FirstApp */ = {
			isa = PBXNativeTarget;
			buildConfigurationList = 6DA9C79A199C75B400EB2608 /* Build configuration list for PBXNativeTarget "FirstApp" */;
			buildPhases = (
				6DA9C761199C75B400EB2608 /* Sources */,
				6DA9C762199C75B400EB2608 /* Frameworks */,
				6DA9C763199C75B400EB2608 /* Resources */,
			);
			buildRules = (
			);
			dependencies = (
			);
			name = FirstApp;
			productName = FirstApp;
			productReference = 6DA9C765199C75B400EB2608 /* FirstApp.app */;
			productType = "com.apple.product-type.application";
		};
		6DA9C788199C75B400EB2608 /* FirstAppTests */ = {
			isa = PBXNativeTarget;
			buildConfigurationList = 6DA9C79D199C75B400EB2608 /* Build configuration list for PBXNativeTarget "FirstAppTests" */;
			buildPhases = (
				6DA9C785199C75B400EB2608 /* Sources */,
				6DA9C786199C75B400EB2608 /* Frameworks */,
				6DA9C787199C75B400EB2608 /* Resources */,
			);
			buildRules = (
			);
			dependencies = (
				6DA9C78F199C75B400EB2608 /* PBXTargetDependency */,
			);
			name = FirstAppTests;
			productName = FirstAppTests;
			productReference = 6DA9C789199C75B400EB2608 /* FirstAppTests.xctest */;
			productType = "com.apple.product-type.bundle.unit-test";
		};
/* End PBXNativeTarget section */

/* Begin PBXProject section */
		6DA9C75D199C75B400EB2608 /* Project object */ = {
			isa = PBXProject;
			attributes = {
				LastUpgradeCheck = 0510;
				ORGANIZATIONNAME = "Dongmin Lee";
				TargetAttributes = {
					6DA9C788199C75B400EB2608 = {
						TestTargetID = 6DA9C764199C75B400EB2608;
					};
				};
			};
			buildConfigurationList = 6DA9C760199C75B400EB2608 /* Build configuration list for PBXProject "FirstApp" */;
			compatibilityVersion = "Xcode 3.2";
			developmentRegion = English;
			hasScannedForEncodings = 0;
			knownRegions = (
				en,
				Base,
			);
			mainGroup = 6DA9C75C199C75B400EB2608;
			productRefGroup = 6DA9C766199C75B400EB2608 /* Products */;
			projectDirPath = "";
			projectRoot = "";
			targets = (
				6DA9C764199C75B400EB2608 /* FirstApp */,
				6DA9C788199C75B400EB2608 /* FirstAppTests */,
			);
		};
/* End PBXProject section */

/* Begin PBXResourcesBuildPhase section */
		6DA9C763199C75B400EB2608 /* Resources */ = {
			isa = PBXResourcesBuildPhase;
			buildActionMask = 2147483647;
			files = (
				6DB2D21F19A4CBCF00E7EEAA /* secondbook.jpeg in Resources */,
				6DB2D21C19A4CBBE00E7EEAA /* firstbook.jpeg in Resources */,
				6DA9C77F199C75B400EB2608 /* Main_iPad.storyboard in Resources */,
				6DA9C784199C75B400EB2608 /* Images.xcassets in Resources */,
				6DA9C77C199C75B400EB2608 /* Main_iPhone.storyboard in Resources */,
				6DA9C773199C75B400EB2608 /* InfoPlist.strings in Resources */,
			);
			runOnlyForDeploymentPostprocessing = 0;
		};
		6DA9C787199C75B400EB2608 /* Resources */ = {
			isa = PBXResourcesBuildPhase;
			buildActionMask = 2147483647;
			files = (
				6DB2D22019A4CBCF00E7EEAA /* secondbook.jpeg in Resources */,
				6DA9C795199C75B400EB2608 /* InfoPlist.strings in Resources */,
				6DB2D21D19A4CBBE00E7EEAA /* firstbook.jpeg in Resources */,
			);
			runOnlyForDeploymentPostprocessing = 0;
		};
/* End PBXResourcesBuildPhase section */

/* Begin PBXSourcesBuildPhase section */
		6DA9C761199C75B400EB2608 /* Sources */ = {
			isa = PBXSourcesBuildPhase;
			buildActionMask = 2147483647;
			files = (
				6DB2D22319A5DA2C00E7EEAA /* NewBookViewController.m in Sources */,
				6DA9C782199C75B400EB2608 /* ViewController.m in Sources */,
				6D59D1F0199D91F50057093D /* BookInfoViewController.m in Sources */,
				6DA9C7A2199C78FC00EB2608 /* PhenomenalBook.m in Sources */,
				6DA9C779199C75B400EB2608 /* AppDelegate.m in Sources */,
				6DA9C775199C75B400EB2608 /* main.m in Sources */,
			);
			runOnlyForDeploymentPostprocessing = 0;
		};
		6DA9C785199C75B400EB2608 /* Sources */ = {
			isa = PBXSourcesBuildPhase;
			buildActionMask = 2147483647;
			files = (
				6DA9C797199C75B400EB2608 /* FirstAppTests.m in Sources */,
				6D59D1F1199D91F50057093D /* BookInfoViewController.m in Sources */,
				6DB2D22419A5DA2C00E7EEAA /* NewBookViewController.m in Sources */,
				6DA9C7A3199C78FC00EB2608 /* PhenomenalBook.m in Sources */,
			);
			runOnlyForDeploymentPostprocessing = 0;
		};
/* End PBXSourcesBuildPhase section */

/* Begin PBXTargetDependency section */
		6DA9C78F199C75B400EB2608 /* PBXTargetDependency */ = {
			isa = PBXTargetDependency;
			target = 6DA9C764199C75B400EB2608 /* FirstApp */;
			targetProxy = 6DA9C78E199C75B400EB2608 /* PBXContainerItemProxy */;
		};
/* End PBXTargetDependency section */

/* Begin PBXVariantGroup section */
		6DA9C771199C75B400EB2608 /* InfoPlist.strings */ = {
			isa = PBXVariantGroup;
			children = (
				6DA9C772199C75B400EB2608 /* en */,
			);
			name = InfoPlist.strings;
			sourceTree = "<group>";
		};
		6DA9C77A199C75B400EB2608 /* Main_iPhone.storyboard */ = {
			isa = PBXVariantGroup;
			children = (
				6DA9C77B199C75B400EB2608 /* Base */,
			);
			name = Main_iPhone.storyboard;
			sourceTree = "<group>";
		};
		6DA9C77D199C75B400EB2608 /* Main_iPad.storyboard */ = {
			isa = PBXVariantGroup;
			children = (
				6DA9C77E199C75B400EB2608 /* Base */,
			);
			name = Main_iPad.storyboard;
			sourceTree = "<group>";
		};
		6DA9C793199C75B400EB2608 /* InfoPlist.strings */ = {
			isa = PBXVariantGroup;
			children = (
				6DA9C794199C75B400EB2608 /* en */,
			);
			name = InfoPlist.strings;
			sourceTree = "<group>";
		};
/* End PBXVariantGroup section */

/* Begin XCBuildConfiguration section */
		6DA9C798199C75B400EB2608 /* Debug */ = {
			isa = XCBuildConfiguration;
			buildSettings = {
				ALWAYS_SEARCH_USER_PATHS = NO;
				CLANG_CXX_LANGUAGE_STANDARD = "gnu++0x";
				CLANG_CXX_LIBRARY = "libc++";
				CLANG_ENABLE_MODULES = YES;
				CLANG_ENABLE_OBJC_ARC = YES;
				CLANG_WARN_BOOL_CONVERSION = YES;
				CLANG_WARN_CONSTANT_CONVERSION = YES;
				CLANG_WARN_DIRECT_OBJC_ISA_USAGE = YES_ERROR;
				CLANG_WARN_EMPTY_BODY = YES;
				CLANG_WARN_ENUM_CONVERSION = YES;
				CLANG_WARN_INT_CONVERSION = YES;
				CLANG_WARN_OBJC_ROOT_CLASS = YES_ERROR;
				CLANG_WARN__DUPLICATE_METHOD_MATCH = YES;
				"CODE_SIGN_IDENTITY[sdk=iphoneos*]" = "iPhone Developer";
				COPY_PHASE_STRIP = NO;
				GCC_C_LANGUAGE_STANDARD = gnu99;
				GCC_DYNAMIC_NO_PIC = NO;
				GCC_OPTIMIZATION_LEVEL = 0;
				GCC_PREPROCESSOR_DEFINITIONS = (
					"DEBUG=1",
					"$(inherited)",
				);
				GCC_SYMBOLS_PRIVATE_EXTERN = NO;
				GCC_WARN_64_TO_32_BIT_CONVERSION = YES;
				GCC_WARN_ABOUT_RETURN_TYPE = YES_ERROR;
				GCC_WARN_UNDECLARED_SELECTOR = YES;
				GCC_WARN_UNINITIALIZED_AUTOS = YES_AGGRESSIVE;
				GCC_WARN_UNUSED_FUNCTION = YES;
				GCC_WARN_UNUSED_VARIABLE = YES;
				IPHONEOS_DEPLOYMENT_TARGET = 7.1;
				ONLY_ACTIVE_ARCH = YES;
				SDKROOT = iphoneos;
				TARGETED_DEVICE_FAMILY = "1,2";
			};
			name = Debug;
		};
		6DA9C799199C75B400EB2608 /* Release */ = {
			isa = XCBuildConfiguration;
			buildSettings = {
				ALWAYS_SEARCH_USER_PATHS = NO;
				CLANG_CXX_LANGUAGE_STANDARD = "gnu++0x";
				CLANG_CXX_LIBRARY = "libc++";
				CLANG_ENABLE_MODULES = YES;
				CLANG_ENABLE_OBJC_ARC = YES;
				CLANG_WARN_BOOL_CONVERSION = YES;
				CLANG_WARN_CONSTANT_CONVERSION = YES;
				CLANG_WARN_DIRECT_OBJC_ISA_USAGE = YES_ERROR;
				CLANG_WARN_EMPTY_BODY = YES;
				CLANG_WARN_ENUM_CONVERSION = YES;
				CLANG_WARN_INT_CONVERSION = YES;
				CLANG_WARN_OBJC_ROOT_CLASS = YES_ERROR;
				CLANG_WARN__DUPLICATE_METHOD_MATCH = YES;
				"CODE_SIGN_IDENTITY[sdk=iphoneos*]" = "iPhone Developer";
				COPY_PHASE_STRIP = YES;
				ENABLE_NS_ASSERTIONS = NO;
				GCC_C_LANGUAGE_STANDARD = gnu99;
				GCC_WARN_64_TO_32_BIT_CONVERSION = YES;
				GCC_WARN_ABOUT_RETURN_TYPE = YES_ERROR;
				GCC_WARN_UNDECLARED_SELECTOR = YES;
				GCC_WARN_UNINITIALIZED_AUTOS = YES_AGGRESSIVE;
				GCC_WARN_UNUSED_FUNCTION = YES;
				GCC_WARN_UNUSED_VARIABLE = YES;
				IPHONEOS_DEPLOYMENT_TARGET = 7.1;
				SDKROOT = iphoneos;
				TARGETED_DEVICE_FAMILY = "1,2";
				VALIDATE_PRODUCT = YES;
			};
			name = Release;
		};
		6DA9C79B199C75B400EB2608 /* Debug */ = {
			isa = XCBuildConfiguration;
			buildSettings = {
				ASSETCATALOG_COMPILER_APPICON_NAME = AppIcon;
				ASSETCATALOG_COMPILER_LAUNCHIMAGE_NAME = LaunchImage;
				GCC_PRECOMPILE_PREFIX_HEADER = YES;
				GCC_PREFIX_HEADER = "FirstApp/FirstApp-Prefix.pch";
				INFOPLIST_FILE = "FirstApp/FirstApp-Info.plist";
				PRODUCT_NAME = "$(TARGET_NAME)";
				WRAPPER_EXTENSION = app;
			};
			name = Debug;
		};
		6DA9C79C199C75B400EB2608 /* Release */ = {
			isa = XCBuildConfiguration;
			buildSettings = {
				ASSETCATALOG_COMPILER_APPICON_NAME = AppIcon;
				ASSETCATALOG_COMPILER_LAUNCHIMAGE_NAME = LaunchImage;
				GCC_PRECOMPILE_PREFIX_HEADER = YES;
				GCC_PREFIX_HEADER = "FirstApp/FirstApp-Prefix.pch";
				INFOPLIST_FILE = "FirstApp/FirstApp-Info.plist";
				PRODUCT_NAME = "$(TARGET_NAME)";
				WRAPPER_EXTENSION = app;
			};
			name = Release;
		};
		6DA9C79E199C75B400EB2608 /* Debug */ = {
			isa = XCBuildConfiguration;
			buildSettings = {
				BUNDLE_LOADER = "$(BUILT_PRODUCTS_DIR)/FirstApp.app/FirstApp";
				FRAMEWORK_SEARCH_PATHS = (
					"$(SDKROOT)/Developer/Library/Frameworks",
					"$(inherited)",
					"$(DEVELOPER_FRAMEWORKS_DIR)",
				);
				GCC_PRECOMPILE_PREFIX_HEADER = YES;
				GCC_PREFIX_HEADER = "FirstApp/FirstApp-Prefix.pch";
				GCC_PREPROCESSOR_DEFINITIONS = (
					"DEBUG=1",
					"$(inherited)",
				);
				INFOPLIST_FILE = "FirstAppTests/FirstAppTests-Info.plist";
				PRODUCT_NAME = "$(TARGET_NAME)";
				TEST_HOST = "$(BUNDLE_LOADER)";
				WRAPPER_EXTENSION = xctest;
			};
			name = Debug;
		};
		6DA9C79F199C75B400EB2608 /* Release */ = {
			isa = XCBuildConfiguration;
			buildSettings = {
				BUNDLE_LOADER = "$(BUILT_PRODUCTS_DIR)/FirstApp.app/FirstApp";
				FRAMEWORK_SEARCH_PATHS = (
					"$(SDKROOT)/Developer/Library/Frameworks",
					"$(inherited)",
					"$(DEVELOPER_FRAMEWORKS_DIR)",
				);
				GCC_PRECOMPILE_PREFIX_HEADER = YES;
				GCC_PREFIX_HEADER = "FirstApp/FirstApp-Prefix.pch";
				INFOPLIST_FILE = "FirstAppTests/FirstAppTests-Info.plist";
				PRODUCT_NAME = "$(TARGET_NAME)";
				TEST_HOST = "$(BUNDLE_LOADER)";
				WRAPPER_EXTENSION = xctest;
			};
			name = Release;
		};
/* End XCBuildConfiguration section */

/* Begin XCConfigurationList section */
		6DA9C760199C75B400EB2608 /* Build configuration list for PBXProject "FirstApp" */ = {
			isa = XCConfigurationList;
			buildConfigurations = (
				6DA9C798199C75B400EB2608 /* Debug */,
				6DA9C799199C75B400EB2608 /* Release */,
			);
			defaultConfigurationIsVisible = 0;
			defaultConfigurationName = Release;
		};
		6DA9C79A199C75B400EB2608 /* Build configuration list for PBXNativeTarget "FirstApp" */ = {
			isa = XCConfigurationList;
			buildConfigurations = (
				6DA9C79B199C75B400EB2608 /* Debug */,
				6DA9C79C199C75B400EB2608 /* Release */,
			);
			defaultConfigurationIsVisible = 0;
			defaultConfigurationName = Release;
		};
		6DA9C79D199C75B400EB2608 /* Build configuration list for PBXNativeTarget "FirstAppTests" */ = {
			isa = XCConfigurationList;
			buildConfigurations = (
				6DA9C79E199C75B400EB2608 /* Debug */,
				6DA9C79F199C75B400EB2608 /* Release */,
			);
			defaultConfigurationIsVisible = 0;
			defaultConfigurationName = Release;
		};
/* End XCConfigurationList section */
	};
	rootObject = 6DA9C75D199C75B400EB2608 /* Project object */;
}
